// !$*UTF8*$!
{
	archiveVersion = 1;
	classes = {
	};
	objectVersion = 52;
	objects = {

/* Begin PBXBuildFile section */
		7E642163268C180700853FE7 /* GoogleService-Info.plist in Resources */ = {isa = PBXBuildFile; fileRef = 7E642162268C180700853FE7 /* GoogleService-Info.plist */; };
		7E6D4E2A26772DD800741B5C /* SystemEventHandler.swift in Sources */ = {isa = PBXBuildFile; fileRef = 7E6D4E2926772DD800741B5C /* SystemEventHandler.swift */; };
		7E6D4E3D26789F0800741B5C /* Log.swift in Sources */ = {isa = PBXBuildFile; fileRef = 7E6D4E3C26789F0800741B5C /* Log.swift */; };
		7E6D4E512679D9E800741B5C /* FirebaseAnalytics in Frameworks */ = {isa = PBXBuildFile; productRef = 7E6D4E502679D9E800741B5C /* FirebaseAnalytics */; };
		7E6D4E532679D9E800741B5C /* FirebaseRemoteConfig in Frameworks */ = {isa = PBXBuildFile; productRef = 7E6D4E522679D9E800741B5C /* FirebaseRemoteConfig */; };
		7E6D4E552679D9E800741B5C /* FirebaseCrashlytics in Frameworks */ = {isa = PBXBuildFile; productRef = 7E6D4E542679D9E800741B5C /* FirebaseCrashlytics */; };
		7E6D4E572679D9E800741B5C /* FirebaseMessaging in Frameworks */ = {isa = PBXBuildFile; productRef = 7E6D4E562679D9E800741B5C /* FirebaseMessaging */; };
		7EB8DC5C267C3CBF00482CBF /* Localizable.strings in Resources */ = {isa = PBXBuildFile; fileRef = 7EB8DC5E267C3CBF00482CBF /* Localizable.strings */; };
		7EB8DC76267C493F00482CBF /* SearchBar.swift in Sources */ = {isa = PBXBuildFile; fileRef = 7EB8DC75267C493F00482CBF /* SearchBar.swift */; };
		7EB8DD81267C870900482CBF /* GithubWebRepository.swift in Sources */ = {isa = PBXBuildFile; fileRef = 7EB8DD80267C870900482CBF /* GithubWebRepository.swift */; };
		7EB8DD87267C876500482CBF /* Model.swift in Sources */ = {isa = PBXBuildFile; fileRef = 7EB8DD86267C876500482CBF /* Model.swift */; };
		7EB8DD8D267C886000482CBF /* WebRepository.swift in Sources */ = {isa = PBXBuildFile; fileRef = 7EB8DD8C267C886000482CBF /* WebRepository.swift */; };
		7EB8DD9D267C8C3500482CBF /* APICall.swift in Sources */ = {isa = PBXBuildFile; fileRef = 7EB8DD9C267C8C3500482CBF /* APICall.swift */; };
		7EB8DDA6267C8D2400482CBF /* ContentView.swift in Sources */ = {isa = PBXBuildFile; fileRef = 7ED39EBB2672F2D20041364C /* ContentView.swift */; };
		7ED008E0267D4FEB009FF410 /* LazyList.swift in Sources */ = {isa = PBXBuildFile; fileRef = 7ED008DF267D4FEB009FF410 /* LazyList.swift */; };
		7ED39ED62672F2D30041364C /* Tests_iOS.swift in Sources */ = {isa = PBXBuildFile; fileRef = 7ED39ED52672F2D30041364C /* Tests_iOS.swift */; };
		7ED39EE12672F2D30041364C /* Tests_macOS.swift in Sources */ = {isa = PBXBuildFile; fileRef = 7ED39EE02672F2D30041364C /* Tests_macOS.swift */; };
		7ED39EE32672F2D30041364C /* BaseProject_ReduxApp.swift in Sources */ = {isa = PBXBuildFile; fileRef = 7ED39EBA2672F2D20041364C /* BaseProject_ReduxApp.swift */; };
		7ED39EE62672F2D30041364C /* ContentView.swift in Sources */ = {isa = PBXBuildFile; fileRef = 7ED39EBB2672F2D20041364C /* ContentView.swift */; };
		7ED39EE72672F2D30041364C /* Assets.xcassets in Resources */ = {isa = PBXBuildFile; fileRef = 7ED39EBC2672F2D30041364C /* Assets.xcassets */; };
		7ED39EE82672F2D30041364C /* Assets.xcassets in Resources */ = {isa = PBXBuildFile; fileRef = 7ED39EBC2672F2D30041364C /* Assets.xcassets */; };
		7ED39EFD2672F8300041364C /* AppState.swift in Sources */ = {isa = PBXBuildFile; fileRef = 7ED39EFC2672F8300041364C /* AppState.swift */; };
		7ED39F072672F96F0041364C /* DependencyInjector.swift in Sources */ = {isa = PBXBuildFile; fileRef = 7ED39F062672F96F0041364C /* DependencyInjector.swift */; };
		7ED39F0D2672FAA90041364C /* InteractorsContainer.swift in Sources */ = {isa = PBXBuildFile; fileRef = 7ED39F0C2672FAA90041364C /* InteractorsContainer.swift */; };
		7ED39F132672FB6D0041364C /* Store.swift in Sources */ = {isa = PBXBuildFile; fileRef = 7ED39F122672FB6D0041364C /* Store.swift */; };
		7ED39F192672FB930041364C /* RootViewModifire.swift in Sources */ = {isa = PBXBuildFile; fileRef = 7ED39F182672FB930041364C /* RootViewModifire.swift */; };
		7ED39F412672FFE50041364C /* Lodable.swift in Sources */ = {isa = PBXBuildFile; fileRef = 7ED39F402672FFE50041364C /* Lodable.swift */; };
		7ED39F47267300170041364C /* CancleBag.swift in Sources */ = {isa = PBXBuildFile; fileRef = 7ED39F46267300170041364C /* CancleBag.swift */; };
		7ED39F9426732EAB0041364C /* GitHubInteractor.swift in Sources */ = {isa = PBXBuildFile; fileRef = 7ED39F9326732EAB0041364C /* GitHubInteractor.swift */; };
		7ED39F9B267348C50041364C /* AppEnvironment.swift in Sources */ = {isa = PBXBuildFile; fileRef = 7ED39F9A267348C50041364C /* AppEnvironment.swift */; };
/* End PBXBuildFile section */

/* Begin PBXContainerItemProxy section */
		7ED39ED22672F2D30041364C /* PBXContainerItemProxy */ = {
			isa = PBXContainerItemProxy;
			containerPortal = 7ED39EB52672F2D20041364C /* Project object */;
			proxyType = 1;
			remoteGlobalIDString = 7ED39EC02672F2D30041364C;
			remoteInfo = "BaseProject-Redux (iOS)";
		};
		7ED39EDD2672F2D30041364C /* PBXContainerItemProxy */ = {
			isa = PBXContainerItemProxy;
			containerPortal = 7ED39EB52672F2D20041364C /* Project object */;
			proxyType = 1;
			remoteGlobalIDString = 7ED39EC82672F2D30041364C;
			remoteInfo = "BaseProject-Redux (macOS)";
		};
/* End PBXContainerItemProxy section */

/* Begin PBXFileReference section */
		7E642162268C180700853FE7 /* GoogleService-Info.plist */ = {isa = PBXFileReference; fileEncoding = 4; lastKnownFileType = text.plist.xml; path = "GoogleService-Info.plist"; sourceTree = "<group>"; };
		7E6D4E2926772DD800741B5C /* SystemEventHandler.swift */ = {isa = PBXFileReference; lastKnownFileType = sourcecode.swift; path = SystemEventHandler.swift; sourceTree = "<group>"; };
		7E6D4E3C26789F0800741B5C /* Log.swift */ = {isa = PBXFileReference; lastKnownFileType = sourcecode.swift; path = Log.swift; sourceTree = "<group>"; };
		7EB8DC68267C3D7900482CBF /* en */ = {isa = PBXFileReference; lastKnownFileType = text.plist.strings; name = en; path = en.lproj/Localizable.strings; sourceTree = "<group>"; };
		7EB8DC69267C3DCC00482CBF /* ko-KR */ = {isa = PBXFileReference; lastKnownFileType = text.plist.strings; name = "ko-KR"; path = "ko-KR.lproj/Localizable.strings"; sourceTree = "<group>"; };
		7EB8DC75267C493F00482CBF /* SearchBar.swift */ = {isa = PBXFileReference; lastKnownFileType = sourcecode.swift; path = SearchBar.swift; sourceTree = "<group>"; };
		7EB8DD80267C870900482CBF /* GithubWebRepository.swift */ = {isa = PBXFileReference; lastKnownFileType = sourcecode.swift; path = GithubWebRepository.swift; sourceTree = "<group>"; };
		7EB8DD86267C876500482CBF /* Model.swift */ = {isa = PBXFileReference; lastKnownFileType = sourcecode.swift; path = Model.swift; sourceTree = "<group>"; };
		7EB8DD8C267C886000482CBF /* WebRepository.swift */ = {isa = PBXFileReference; lastKnownFileType = sourcecode.swift; path = WebRepository.swift; sourceTree = "<group>"; };
		7EB8DD9C267C8C3500482CBF /* APICall.swift */ = {isa = PBXFileReference; lastKnownFileType = sourcecode.swift; path = APICall.swift; sourceTree = "<group>"; };
		7ED008DF267D4FEB009FF410 /* LazyList.swift */ = {isa = PBXFileReference; lastKnownFileType = sourcecode.swift; path = LazyList.swift; sourceTree = "<group>"; };
		7ED39EBA2672F2D20041364C /* BaseProject_ReduxApp.swift */ = {isa = PBXFileReference; lastKnownFileType = sourcecode.swift; path = BaseProject_ReduxApp.swift; sourceTree = "<group>"; };
		7ED39EBB2672F2D20041364C /* ContentView.swift */ = {isa = PBXFileReference; lastKnownFileType = sourcecode.swift; path = ContentView.swift; sourceTree = "<group>"; };
		7ED39EBC2672F2D30041364C /* Assets.xcassets */ = {isa = PBXFileReference; lastKnownFileType = folder.assetcatalog; path = Assets.xcassets; sourceTree = "<group>"; };
		7ED39EC12672F2D30041364C /* BaseProject-Redux.app */ = {isa = PBXFileReference; explicitFileType = wrapper.application; includeInIndex = 0; path = "BaseProject-Redux.app"; sourceTree = BUILT_PRODUCTS_DIR; };
		7ED39EC42672F2D30041364C /* Info.plist */ = {isa = PBXFileReference; lastKnownFileType = text.plist.xml; path = Info.plist; sourceTree = "<group>"; };
		7ED39EC92672F2D30041364C /* BaseProject-Redux.app */ = {isa = PBXFileReference; explicitFileType = wrapper.application; includeInIndex = 0; path = "BaseProject-Redux.app"; sourceTree = BUILT_PRODUCTS_DIR; };
		7ED39ECB2672F2D30041364C /* Info.plist */ = {isa = PBXFileReference; lastKnownFileType = text.plist.xml; path = Info.plist; sourceTree = "<group>"; };
		7ED39ECC2672F2D30041364C /* macOS.entitlements */ = {isa = PBXFileReference; lastKnownFileType = text.plist.entitlements; path = macOS.entitlements; sourceTree = "<group>"; };
		7ED39ED12672F2D30041364C /* Tests iOS.xctest */ = {isa = PBXFileReference; explicitFileType = wrapper.cfbundle; includeInIndex = 0; path = "Tests iOS.xctest"; sourceTree = BUILT_PRODUCTS_DIR; };
		7ED39ED52672F2D30041364C /* Tests_iOS.swift */ = {isa = PBXFileReference; lastKnownFileType = sourcecode.swift; path = Tests_iOS.swift; sourceTree = "<group>"; };
		7ED39ED72672F2D30041364C /* Info.plist */ = {isa = PBXFileReference; lastKnownFileType = text.plist.xml; path = Info.plist; sourceTree = "<group>"; };
		7ED39EDC2672F2D30041364C /* Tests macOS.xctest */ = {isa = PBXFileReference; explicitFileType = wrapper.cfbundle; includeInIndex = 0; path = "Tests macOS.xctest"; sourceTree = BUILT_PRODUCTS_DIR; };
		7ED39EE02672F2D30041364C /* Tests_macOS.swift */ = {isa = PBXFileReference; lastKnownFileType = sourcecode.swift; path = Tests_macOS.swift; sourceTree = "<group>"; };
		7ED39EE22672F2D30041364C /* Info.plist */ = {isa = PBXFileReference; lastKnownFileType = text.plist.xml; path = Info.plist; sourceTree = "<group>"; };
		7ED39EFC2672F8300041364C /* AppState.swift */ = {isa = PBXFileReference; lastKnownFileType = sourcecode.swift; path = AppState.swift; sourceTree = "<group>"; };
		7ED39F062672F96F0041364C /* DependencyInjector.swift */ = {isa = PBXFileReference; lastKnownFileType = sourcecode.swift; path = DependencyInjector.swift; sourceTree = "<group>"; };
		7ED39F0C2672FAA90041364C /* InteractorsContainer.swift */ = {isa = PBXFileReference; lastKnownFileType = sourcecode.swift; path = InteractorsContainer.swift; sourceTree = "<group>"; };
		7ED39F122672FB6D0041364C /* Store.swift */ = {isa = PBXFileReference; lastKnownFileType = sourcecode.swift; path = Store.swift; sourceTree = "<group>"; };
		7ED39F182672FB930041364C /* RootViewModifire.swift */ = {isa = PBXFileReference; lastKnownFileType = sourcecode.swift; path = RootViewModifire.swift; sourceTree = "<group>"; };
		7ED39F402672FFE50041364C /* Lodable.swift */ = {isa = PBXFileReference; lastKnownFileType = sourcecode.swift; path = Lodable.swift; sourceTree = "<group>"; };
		7ED39F46267300170041364C /* CancleBag.swift */ = {isa = PBXFileReference; lastKnownFileType = sourcecode.swift; path = CancleBag.swift; sourceTree = "<group>"; };
		7ED39F9326732EAB0041364C /* GitHubInteractor.swift */ = {isa = PBXFileReference; lastKnownFileType = sourcecode.swift; path = GitHubInteractor.swift; sourceTree = "<group>"; };
		7ED39F9A267348C50041364C /* AppEnvironment.swift */ = {isa = PBXFileReference; lastKnownFileType = sourcecode.swift; path = AppEnvironment.swift; sourceTree = "<group>"; };
/* End PBXFileReference section */

/* Begin PBXFrameworksBuildPhase section */
		7ED39EBE2672F2D30041364C /* Frameworks */ = {
			isa = PBXFrameworksBuildPhase;
			buildActionMask = 2147483647;
			files = (
				7E6D4E572679D9E800741B5C /* FirebaseMessaging in Frameworks */,
				7E6D4E552679D9E800741B5C /* FirebaseCrashlytics in Frameworks */,
				7E6D4E512679D9E800741B5C /* FirebaseAnalytics in Frameworks */,
				7E6D4E532679D9E800741B5C /* FirebaseRemoteConfig in Frameworks */,
			);
			runOnlyForDeploymentPostprocessing = 0;
		};
		7ED39EC62672F2D30041364C /* Frameworks */ = {
			isa = PBXFrameworksBuildPhase;
			buildActionMask = 2147483647;
			files = (
			);
			runOnlyForDeploymentPostprocessing = 0;
		};
		7ED39ECE2672F2D30041364C /* Frameworks */ = {
			isa = PBXFrameworksBuildPhase;
			buildActionMask = 2147483647;
			files = (
			);
			runOnlyForDeploymentPostprocessing = 0;
		};
		7ED39ED92672F2D30041364C /* Frameworks */ = {
			isa = PBXFrameworksBuildPhase;
			buildActionMask = 2147483647;
			files = (
			);
			runOnlyForDeploymentPostprocessing = 0;
		};
/* End PBXFrameworksBuildPhase section */

/* Begin PBXGroup section */
		7E6D4E88267B2E6E00741B5C /* Resources */ = {
			isa = PBXGroup;
			children = (
				7EB8DC5E267C3CBF00482CBF /* Localizable.strings */,
			);
			path = Resources;
			sourceTree = "<group>";
		};
		7EB8DC6E267C489D00482CBF /* UI */ = {
			isa = PBXGroup;
			children = (
				7ED39F182672FB930041364C /* RootViewModifire.swift */,
				7EB8DC6F267C48AC00482CBF /* Screen */,
				7EB8DC70267C48B600482CBF /* Component */,
				7EB8DC7B267C496500482CBF /* Helper */,
			);
			path = UI;
			sourceTree = "<group>";
		};
		7EB8DC6F267C48AC00482CBF /* Screen */ = {
			isa = PBXGroup;
			children = (
				7ED39EBB2672F2D20041364C /* ContentView.swift */,
			);
			path = Screen;
			sourceTree = "<group>";
		};
		7EB8DC70267C48B600482CBF /* Component */ = {
			isa = PBXGroup;
			children = (
				7EB8DC75267C493F00482CBF /* SearchBar.swift */,
			);
			path = Component;
			sourceTree = "<group>";
		};
		7EB8DC7B267C496500482CBF /* Helper */ = {
			isa = PBXGroup;
			children = (
			);
			path = Helper;
			sourceTree = "<group>";
		};
		7ED39EB42672F2D20041364C = {
			isa = PBXGroup;
			children = (
				7ED39EB92672F2D20041364C /* Shared */,
				7ED39EC32672F2D30041364C /* iOS */,
				7ED39ECA2672F2D30041364C /* macOS */,
				7ED39ED42672F2D30041364C /* Tests iOS */,
				7ED39EDF2672F2D30041364C /* Tests macOS */,
				7ED39EC22672F2D30041364C /* Products */,
			);
			sourceTree = "<group>";
		};
		7ED39EB92672F2D20041364C /* Shared */ = {
			isa = PBXGroup;
			children = (
				7ED39F99267348BE0041364C /* System */,
				7ED39F57267301200041364C /* Model */,
				7ED39F4C267300C30041364C /* Interactor */,
				7ED39F1E2672FDFB0041364C /* Repository */,
				7ED39F1F2672FEA80041364C /* Utility */,
				7ED39EFB2672F7AC0041364C /* Injection */,
				7EB8DC6E267C489D00482CBF /* UI */,
				7E6D4E88267B2E6E00741B5C /* Resources */,
				7ED39EBC2672F2D30041364C /* Assets.xcassets */,
			);
			path = Shared;
			sourceTree = "<group>";
		};
		7ED39EC22672F2D30041364C /* Products */ = {
			isa = PBXGroup;
			children = (
				7ED39EC12672F2D30041364C /* BaseProject-Redux.app */,
				7ED39EC92672F2D30041364C /* BaseProject-Redux.app */,
				7ED39ED12672F2D30041364C /* Tests iOS.xctest */,
				7ED39EDC2672F2D30041364C /* Tests macOS.xctest */,
			);
			name = Products;
			sourceTree = "<group>";
		};
		7ED39EC32672F2D30041364C /* iOS */ = {
			isa = PBXGroup;
			children = (
				7E642162268C180700853FE7 /* GoogleService-Info.plist */,
				7ED39EC42672F2D30041364C /* Info.plist */,
			);
			path = iOS;
			sourceTree = "<group>";
		};
		7ED39ECA2672F2D30041364C /* macOS */ = {
			isa = PBXGroup;
			children = (
				7ED39ECB2672F2D30041364C /* Info.plist */,
				7ED39ECC2672F2D30041364C /* macOS.entitlements */,
			);
			path = macOS;
			sourceTree = "<group>";
		};
		7ED39ED42672F2D30041364C /* Tests iOS */ = {
			isa = PBXGroup;
			children = (
				7ED39ED52672F2D30041364C /* Tests_iOS.swift */,
				7ED39ED72672F2D30041364C /* Info.plist */,
			);
			path = "Tests iOS";
			sourceTree = "<group>";
		};
		7ED39EDF2672F2D30041364C /* Tests macOS */ = {
			isa = PBXGroup;
			children = (
				7ED39EE02672F2D30041364C /* Tests_macOS.swift */,
				7ED39EE22672F2D30041364C /* Info.plist */,
			);
			path = "Tests macOS";
			sourceTree = "<group>";
		};
		7ED39EFB2672F7AC0041364C /* Injection */ = {
			isa = PBXGroup;
			children = (
				7ED39EFC2672F8300041364C /* AppState.swift */,
				7ED39F062672F96F0041364C /* DependencyInjector.swift */,
				7ED39F0C2672FAA90041364C /* InteractorsContainer.swift */,
			);
			path = Injection;
			sourceTree = "<group>";
		};
		7ED39F1E2672FDFB0041364C /* Repository */ = {
			isa = PBXGroup;
			children = (
				7EB8DD80267C870900482CBF /* GithubWebRepository.swift */,
			);
			path = Repository;
			sourceTree = "<group>";
		};
		7ED39F1F2672FEA80041364C /* Utility */ = {
			isa = PBXGroup;
			children = (
				7ED39F122672FB6D0041364C /* Store.swift */,
				7ED39F402672FFE50041364C /* Lodable.swift */,
				7ED39F46267300170041364C /* CancleBag.swift */,
				7E6D4E3C26789F0800741B5C /* Log.swift */,
				7EB8DD8C267C886000482CBF /* WebRepository.swift */,
				7EB8DD9C267C8C3500482CBF /* APICall.swift */,
				7ED008DF267D4FEB009FF410 /* LazyList.swift */,
			);
			path = Utility;
			sourceTree = "<group>";
		};
		7ED39F4C267300C30041364C /* Interactor */ = {
			isa = PBXGroup;
			children = (
				7ED39F9326732EAB0041364C /* GitHubInteractor.swift */,
			);
			path = Interactor;
			sourceTree = "<group>";
		};
		7ED39F57267301200041364C /* Model */ = {
			isa = PBXGroup;
			children = (
				7EB8DD86267C876500482CBF /* Model.swift */,
			);
			path = Model;
			sourceTree = "<group>";
		};
		7ED39F99267348BE0041364C /* System */ = {
			isa = PBXGroup;
			children = (
				7ED39EBA2672F2D20041364C /* BaseProject_ReduxApp.swift */,
				7ED39F9A267348C50041364C /* AppEnvironment.swift */,
				7E6D4E2926772DD800741B5C /* SystemEventHandler.swift */,
			);
			path = System;
			sourceTree = "<group>";
		};
/* End PBXGroup section */

/* Begin PBXNativeTarget section */
		7ED39EC02672F2D30041364C /* BaseProject-Redux (iOS) */ = {
			isa = PBXNativeTarget;
			buildConfigurationList = 7ED39EEB2672F2D30041364C /* Build configuration list for PBXNativeTarget "BaseProject-Redux (iOS)" */;
			buildPhases = (
				7ED39EBD2672F2D30041364C /* Sources */,
				7ED39EBE2672F2D30041364C /* Frameworks */,
				7ED39EBF2672F2D30041364C /* Resources */,
				7E6D4E95267B3A4700741B5C /* Run Script - Firebase plist */,
				7E6D4E642679DBEA00741B5C /* Run Script - Firebase Crashlytics */,
			);
			buildRules = (
			);
			dependencies = (
			);
			name = "BaseProject-Redux (iOS)";
			packageProductDependencies = (
				7E6D4E502679D9E800741B5C /* FirebaseAnalytics */,
				7E6D4E522679D9E800741B5C /* FirebaseRemoteConfig */,
				7E6D4E542679D9E800741B5C /* FirebaseCrashlytics */,
				7E6D4E562679D9E800741B5C /* FirebaseMessaging */,
			);
			productName = "BaseProject-Redux (iOS)";
			productReference = 7ED39EC12672F2D30041364C /* BaseProject-Redux.app */;
			productType = "com.apple.product-type.application";
		};
		7ED39EC82672F2D30041364C /* BaseProject-Redux (macOS) */ = {
			isa = PBXNativeTarget;
			buildConfigurationList = 7ED39EEE2672F2D30041364C /* Build configuration list for PBXNativeTarget "BaseProject-Redux (macOS)" */;
			buildPhases = (
				7ED39EC52672F2D30041364C /* Sources */,
				7ED39EC62672F2D30041364C /* Frameworks */,
				7ED39EC72672F2D30041364C /* Resources */,
			);
			buildRules = (
			);
			dependencies = (
			);
			name = "BaseProject-Redux (macOS)";
			productName = "BaseProject-Redux (macOS)";
			productReference = 7ED39EC92672F2D30041364C /* BaseProject-Redux.app */;
			productType = "com.apple.product-type.application";
		};
		7ED39ED02672F2D30041364C /* Tests iOS */ = {
			isa = PBXNativeTarget;
			buildConfigurationList = 7ED39EF12672F2D30041364C /* Build configuration list for PBXNativeTarget "Tests iOS" */;
			buildPhases = (
				7ED39ECD2672F2D30041364C /* Sources */,
				7ED39ECE2672F2D30041364C /* Frameworks */,
				7ED39ECF2672F2D30041364C /* Resources */,
			);
			buildRules = (
			);
			dependencies = (
				7ED39ED32672F2D30041364C /* PBXTargetDependency */,
			);
			name = "Tests iOS";
			productName = "Tests iOS";
			productReference = 7ED39ED12672F2D30041364C /* Tests iOS.xctest */;
			productType = "com.apple.product-type.bundle.ui-testing";
		};
		7ED39EDB2672F2D30041364C /* Tests macOS */ = {
			isa = PBXNativeTarget;
			buildConfigurationList = 7ED39EF42672F2D30041364C /* Build configuration list for PBXNativeTarget "Tests macOS" */;
			buildPhases = (
				7ED39ED82672F2D30041364C /* Sources */,
				7ED39ED92672F2D30041364C /* Frameworks */,
				7ED39EDA2672F2D30041364C /* Resources */,
			);
			buildRules = (
			);
			dependencies = (
				7ED39EDE2672F2D30041364C /* PBXTargetDependency */,
			);
			name = "Tests macOS";
			productName = "Tests macOS";
			productReference = 7ED39EDC2672F2D30041364C /* Tests macOS.xctest */;
			productType = "com.apple.product-type.bundle.ui-testing";
		};
/* End PBXNativeTarget section */

/* Begin PBXProject section */
		7ED39EB52672F2D20041364C /* Project object */ = {
			isa = PBXProject;
			attributes = {
				LastSwiftUpdateCheck = 1240;
				LastUpgradeCheck = 1240;
				TargetAttributes = {
					7ED39EC02672F2D30041364C = {
						CreatedOnToolsVersion = 12.4;
					};
					7ED39EC82672F2D30041364C = {
						CreatedOnToolsVersion = 12.4;
					};
					7ED39ED02672F2D30041364C = {
						CreatedOnToolsVersion = 12.4;
						TestTargetID = 7ED39EC02672F2D30041364C;
					};
					7ED39EDB2672F2D30041364C = {
						CreatedOnToolsVersion = 12.4;
						TestTargetID = 7ED39EC82672F2D30041364C;
					};
				};
			};
			buildConfigurationList = 7ED39EB82672F2D20041364C /* Build configuration list for PBXProject "BaseProject-Redux" */;
			compatibilityVersion = "Xcode 9.3";
			developmentRegion = en;
			hasScannedForEncodings = 0;
			knownRegions = (
				en,
				Base,
				"ko-KR",
			);
			mainGroup = 7ED39EB42672F2D20041364C;
			packageReferences = (
				7E6D4E4F2679D9E800741B5C /* XCRemoteSwiftPackageReference "firebase-ios-sdk" */,
				7EB8A96A268354BC00C4F4FD /* XCRemoteSwiftPackageReference "SwiftSoup" */,
			);
			productRefGroup = 7ED39EC22672F2D30041364C /* Products */;
			projectDirPath = "";
			projectRoot = "";
			targets = (
				7ED39EC02672F2D30041364C /* BaseProject-Redux (iOS) */,
				7ED39EC82672F2D30041364C /* BaseProject-Redux (macOS) */,
				7ED39ED02672F2D30041364C /* Tests iOS */,
				7ED39EDB2672F2D30041364C /* Tests macOS */,
			);
		};
/* End PBXProject section */

/* Begin PBXResourcesBuildPhase section */
		7ED39EBF2672F2D30041364C /* Resources */ = {
			isa = PBXResourcesBuildPhase;
			buildActionMask = 2147483647;
			files = (
				7EB8DC5C267C3CBF00482CBF /* Localizable.strings in Resources */,
				7ED39EE72672F2D30041364C /* Assets.xcassets in Resources */,
				7E642163268C180700853FE7 /* GoogleService-Info.plist in Resources */,
			);
			runOnlyForDeploymentPostprocessing = 0;
		};
		7ED39EC72672F2D30041364C /* Resources */ = {
			isa = PBXResourcesBuildPhase;
			buildActionMask = 2147483647;
			files = (
				7ED39EE82672F2D30041364C /* Assets.xcassets in Resources */,
			);
			runOnlyForDeploymentPostprocessing = 0;
		};
		7ED39ECF2672F2D30041364C /* Resources */ = {
			isa = PBXResourcesBuildPhase;
			buildActionMask = 2147483647;
			files = (
			);
			runOnlyForDeploymentPostprocessing = 0;
		};
		7ED39EDA2672F2D30041364C /* Resources */ = {
			isa = PBXResourcesBuildPhase;
			buildActionMask = 2147483647;
			files = (
			);
			runOnlyForDeploymentPostprocessing = 0;
		};
/* End PBXResourcesBuildPhase section */

/* Begin PBXShellScriptBuildPhase section */
		7E6D4E642679DBEA00741B5C /* Run Script - Firebase Crashlytics */ = {
			isa = PBXShellScriptBuildPhase;
			buildActionMask = 2147483647;
			files = (
			);
			inputFileListPaths = (
			);
			inputPaths = (
				"${DWARF_DSYM_FOLDER_PATH}/${DWARF_DSYM_FILE_NAME}/Contents/Resources/DWARF/${TARGET_NAME}",
				"$(SRCROOT)/$(BUILT_PRODUCTS_DIR)/$(INFOPLIST_PATH)",
			);
			name = "Run Script - Firebase Crashlytics";
			outputFileListPaths = (
			);
			outputPaths = (
			);
			runOnlyForDeploymentPostprocessing = 0;
			shellPath = /bin/sh;
			shellScript = "${BUILD_DIR%Build/*}/SourcePackages/checkouts/firebase-ios-sdk/Crashlytics/run\n";
		};
		7E6D4E95267B3A4700741B5C /* Run Script - Firebase plist */ = {
			isa = PBXShellScriptBuildPhase;
			buildActionMask = 2147483647;
			files = (
			);
			inputFileListPaths = (
			);
			inputPaths = (
			);
			name = "Run Script - Firebase plist";
			outputFileListPaths = (
			);
			outputPaths = (
			);
			runOnlyForDeploymentPostprocessing = 0;
			shellPath = /bin/sh;
			shellScript = "FIREBASE_INFO_PLIST=${GOOGLE_SERVICE_INFO_PLIST_NAME}\necho \"FIREBASE_INFO_PLIST = ${FIREBASE_INFO_PLIST}\"\n# Type a script or drag a script file from your workspace to insert its path.\nFIREBASE_INFO_DEVELOP=\"${PROJECT_DIR}/iOS/${FIREBASE_INFO_PLIST}\"\necho \"FIREBASE_INFO_DEVELOP = ${FIREBASE_INFO_DEVELOP}\"\n\ncp \"${FIREBASE_INFO_DEVELOP}\" \"${BUILT_PRODUCTS_DIR}/${PRODUCT_NAME}.app/GoogleService-Info.plist\";\n";
		};
/* End PBXShellScriptBuildPhase section */

/* Begin PBXSourcesBuildPhase section */
		7ED39EBD2672F2D30041364C /* Sources */ = {
			isa = PBXSourcesBuildPhase;
			buildActionMask = 2147483647;
			files = (
				7ED39F192672FB930041364C /* RootViewModifire.swift in Sources */,
				7ED39F072672F96F0041364C /* DependencyInjector.swift in Sources */,
				7E6D4E3D26789F0800741B5C /* Log.swift in Sources */,
				7ED39F412672FFE50041364C /* Lodable.swift in Sources */,
				7ED39F0D2672FAA90041364C /* InteractorsContainer.swift in Sources */,
				7E6D4E2A26772DD800741B5C /* SystemEventHandler.swift in Sources */,
				7ED39EFD2672F8300041364C /* AppState.swift in Sources */,
				7EB8DD8D267C886000482CBF /* WebRepository.swift in Sources */,
				7EB8DD9D267C8C3500482CBF /* APICall.swift in Sources */,
				7EB8DD87267C876500482CBF /* Model.swift in Sources */,
				7EB8DC76267C493F00482CBF /* SearchBar.swift in Sources */,
				7ED39F9426732EAB0041364C /* GitHubInteractor.swift in Sources */,
				7EB8DD81267C870900482CBF /* GithubWebRepository.swift in Sources */,
				7ED39F132672FB6D0041364C /* Store.swift in Sources */,
				7ED008E0267D4FEB009FF410 /* LazyList.swift in Sources */,
				7EB8DDA6267C8D2400482CBF /* ContentView.swift in Sources */,
				7ED39EE32672F2D30041364C /* BaseProject_ReduxApp.swift in Sources */,
				7ED39F47267300170041364C /* CancleBag.swift in Sources */,
				7ED39F9B267348C50041364C /* AppEnvironment.swift in Sources */,
			);
			runOnlyForDeploymentPostprocessing = 0;
		};
		7ED39EC52672F2D30041364C /* Sources */ = {
			isa = PBXSourcesBuildPhase;
			buildActionMask = 2147483647;
			files = (
				7ED39EE62672F2D30041364C /* ContentView.swift in Sources */,
			);
			runOnlyForDeploymentPostprocessing = 0;
		};
		7ED39ECD2672F2D30041364C /* Sources */ = {
			isa = PBXSourcesBuildPhase;
			buildActionMask = 2147483647;
			files = (
				7ED39ED62672F2D30041364C /* Tests_iOS.swift in Sources */,
			);
			runOnlyForDeploymentPostprocessing = 0;
		};
		7ED39ED82672F2D30041364C /* Sources */ = {
			isa = PBXSourcesBuildPhase;
			buildActionMask = 2147483647;
			files = (
				7ED39EE12672F2D30041364C /* Tests_macOS.swift in Sources */,
			);
			runOnlyForDeploymentPostprocessing = 0;
		};
/* End PBXSourcesBuildPhase section */

/* Begin PBXTargetDependency section */
		7ED39ED32672F2D30041364C /* PBXTargetDependency */ = {
			isa = PBXTargetDependency;
			target = 7ED39EC02672F2D30041364C /* BaseProject-Redux (iOS) */;
			targetProxy = 7ED39ED22672F2D30041364C /* PBXContainerItemProxy */;
		};
		7ED39EDE2672F2D30041364C /* PBXTargetDependency */ = {
			isa = PBXTargetDependency;
			target = 7ED39EC82672F2D30041364C /* BaseProject-Redux (macOS) */;
			targetProxy = 7ED39EDD2672F2D30041364C /* PBXContainerItemProxy */;
		};
/* End PBXTargetDependency section */

/* Begin PBXVariantGroup section */
		7EB8DC5E267C3CBF00482CBF /* Localizable.strings */ = {
			isa = PBXVariantGroup;
			children = (
				7EB8DC68267C3D7900482CBF /* en */,
				7EB8DC69267C3DCC00482CBF /* ko-KR */,
			);
			name = Localizable.strings;
			sourceTree = "<group>";
		};
/* End PBXVariantGroup section */

/* Begin XCBuildConfiguration section */
		7ED39EE92672F2D30041364C /* Debug */ = {
			isa = XCBuildConfiguration;
			buildSettings = {
				ALWAYS_SEARCH_USER_PATHS = NO;
				CLANG_ANALYZER_LOCALIZABILITY_NONLOCALIZED = YES;
				CLANG_ANALYZER_NONNULL = YES;
				CLANG_ANALYZER_NUMBER_OBJECT_CONVERSION = YES_AGGRESSIVE;
				CLANG_CXX_LANGUAGE_STANDARD = "gnu++14";
				CLANG_CXX_LIBRARY = "libc++";
				CLANG_ENABLE_MODULES = YES;
				CLANG_ENABLE_OBJC_ARC = YES;
				CLANG_ENABLE_OBJC_WEAK = YES;
				CLANG_WARN_BLOCK_CAPTURE_AUTORELEASING = YES;
				CLANG_WARN_BOOL_CONVERSION = YES;
				CLANG_WARN_COMMA = YES;
				CLANG_WARN_CONSTANT_CONVERSION = YES;
				CLANG_WARN_DEPRECATED_OBJC_IMPLEMENTATIONS = YES;
				CLANG_WARN_DIRECT_OBJC_ISA_USAGE = YES_ERROR;
				CLANG_WARN_DOCUMENTATION_COMMENTS = YES;
				CLANG_WARN_EMPTY_BODY = YES;
				CLANG_WARN_ENUM_CONVERSION = YES;
				CLANG_WARN_INFINITE_RECURSION = YES;
				CLANG_WARN_INT_CONVERSION = YES;
				CLANG_WARN_NON_LITERAL_NULL_CONVERSION = YES;
				CLANG_WARN_OBJC_IMPLICIT_RETAIN_SELF = YES;
				CLANG_WARN_OBJC_LITERAL_CONVERSION = YES;
				CLANG_WARN_OBJC_ROOT_CLASS = YES_ERROR;
				CLANG_WARN_QUOTED_INCLUDE_IN_FRAMEWORK_HEADER = YES;
				CLANG_WARN_RANGE_LOOP_ANALYSIS = YES;
				CLANG_WARN_STRICT_PROTOTYPES = YES;
				CLANG_WARN_SUSPICIOUS_MOVE = YES;
				CLANG_WARN_UNGUARDED_AVAILABILITY = YES_AGGRESSIVE;
				CLANG_WARN_UNREACHABLE_CODE = YES;
				CLANG_WARN__DUPLICATE_METHOD_MATCH = YES;
				COPY_PHASE_STRIP = NO;
				DEBUG_INFORMATION_FORMAT = "dwarf-with-dsym";
				ENABLE_STRICT_OBJC_MSGSEND = YES;
				ENABLE_TESTABILITY = YES;
				GCC_C_LANGUAGE_STANDARD = gnu11;
				GCC_DYNAMIC_NO_PIC = NO;
				GCC_NO_COMMON_BLOCKS = YES;
				GCC_OPTIMIZATION_LEVEL = 0;
				GCC_PREPROCESSOR_DEFINITIONS = (
					"DEBUG=1",
					"$(inherited)",
				);
				GCC_WARN_64_TO_32_BIT_CONVERSION = YES;
				GCC_WARN_ABOUT_RETURN_TYPE = YES_ERROR;
				GCC_WARN_UNDECLARED_SELECTOR = YES;
				GCC_WARN_UNINITIALIZED_AUTOS = YES_AGGRESSIVE;
				GCC_WARN_UNUSED_FUNCTION = YES;
				GCC_WARN_UNUSED_VARIABLE = YES;
				IPHONEOS_DEPLOYMENT_TARGET = 14.4;
				MTL_ENABLE_DEBUG_INFO = INCLUDE_SOURCE;
				MTL_FAST_MATH = YES;
				ONLY_ACTIVE_ARCH = YES;
				SWIFT_ACTIVE_COMPILATION_CONDITIONS = DEBUG;
				SWIFT_OPTIMIZATION_LEVEL = "-Onone";
			};
			name = Debug;
		};
		7ED39EEA2672F2D30041364C /* Release */ = {
			isa = XCBuildConfiguration;
			buildSettings = {
				ALWAYS_SEARCH_USER_PATHS = NO;
				CLANG_ANALYZER_LOCALIZABILITY_NONLOCALIZED = YES;
				CLANG_ANALYZER_NONNULL = YES;
				CLANG_ANALYZER_NUMBER_OBJECT_CONVERSION = YES_AGGRESSIVE;
				CLANG_CXX_LANGUAGE_STANDARD = "gnu++14";
				CLANG_CXX_LIBRARY = "libc++";
				CLANG_ENABLE_MODULES = YES;
				CLANG_ENABLE_OBJC_ARC = YES;
				CLANG_ENABLE_OBJC_WEAK = YES;
				CLANG_WARN_BLOCK_CAPTURE_AUTORELEASING = YES;
				CLANG_WARN_BOOL_CONVERSION = YES;
				CLANG_WARN_COMMA = YES;
				CLANG_WARN_CONSTANT_CONVERSION = YES;
				CLANG_WARN_DEPRECATED_OBJC_IMPLEMENTATIONS = YES;
				CLANG_WARN_DIRECT_OBJC_ISA_USAGE = YES_ERROR;
				CLANG_WARN_DOCUMENTATION_COMMENTS = YES;
				CLANG_WARN_EMPTY_BODY = YES;
				CLANG_WARN_ENUM_CONVERSION = YES;
				CLANG_WARN_INFINITE_RECURSION = YES;
				CLANG_WARN_INT_CONVERSION = YES;
				CLANG_WARN_NON_LITERAL_NULL_CONVERSION = YES;
				CLANG_WARN_OBJC_IMPLICIT_RETAIN_SELF = YES;
				CLANG_WARN_OBJC_LITERAL_CONVERSION = YES;
				CLANG_WARN_OBJC_ROOT_CLASS = YES_ERROR;
				CLANG_WARN_QUOTED_INCLUDE_IN_FRAMEWORK_HEADER = YES;
				CLANG_WARN_RANGE_LOOP_ANALYSIS = YES;
				CLANG_WARN_STRICT_PROTOTYPES = YES;
				CLANG_WARN_SUSPICIOUS_MOVE = YES;
				CLANG_WARN_UNGUARDED_AVAILABILITY = YES_AGGRESSIVE;
				CLANG_WARN_UNREACHABLE_CODE = YES;
				CLANG_WARN__DUPLICATE_METHOD_MATCH = YES;
				COPY_PHASE_STRIP = NO;
				DEBUG_INFORMATION_FORMAT = "dwarf-with-dsym";
				ENABLE_NS_ASSERTIONS = NO;
				ENABLE_STRICT_OBJC_MSGSEND = YES;
				GCC_C_LANGUAGE_STANDARD = gnu11;
				GCC_NO_COMMON_BLOCKS = YES;
				GCC_WARN_64_TO_32_BIT_CONVERSION = YES;
				GCC_WARN_ABOUT_RETURN_TYPE = YES_ERROR;
				GCC_WARN_UNDECLARED_SELECTOR = YES;
				GCC_WARN_UNINITIALIZED_AUTOS = YES_AGGRESSIVE;
				GCC_WARN_UNUSED_FUNCTION = YES;
				GCC_WARN_UNUSED_VARIABLE = YES;
				IPHONEOS_DEPLOYMENT_TARGET = 14.4;
				MTL_ENABLE_DEBUG_INFO = NO;
				MTL_FAST_MATH = YES;
				SWIFT_COMPILATION_MODE = wholemodule;
				SWIFT_OPTIMIZATION_LEVEL = "-O";
			};
			name = Release;
		};
		7ED39EEC2672F2D30041364C /* Debug */ = {
			isa = XCBuildConfiguration;
			buildSettings = {
				ASSETCATALOG_COMPILER_APPICON_NAME = AppIcon;
				ASSETCATALOG_COMPILER_GLOBAL_ACCENT_COLOR_NAME = AccentColor;
				CODE_SIGN_STYLE = Automatic;
				DEVELOPMENT_TEAM = X6LA4P7TFP;
				ENABLE_PREVIEWS = YES;
				GOOGLE_SERVICE_INFO_PLIST_NAME = "GoogleService-Info.plist";
				INFOPLIST_FILE = iOS/Info.plist;
				IPHONEOS_DEPLOYMENT_TARGET = 14.0;
				LD_RUNPATH_SEARCH_PATHS = (
					"$(inherited)",
					"@executable_path/Frameworks",
				);
				MARKETING_VERSION = 0.0.2;
				OTHER_LDFLAGS = "-ObjC";
				PRODUCT_BUNDLE_IDENTIFIER = "com.devyhan93.BaseProject-Redux";
				PRODUCT_NAME = "BaseProject-Redux";
				SDKROOT = iphoneos;
				SWIFT_VERSION = 5.0;
				TARGETED_DEVICE_FAMILY = "1,2";
			};
			name = Debug;
		};
		7ED39EED2672F2D30041364C /* Release */ = {
			isa = XCBuildConfiguration;
			buildSettings = {
				ASSETCATALOG_COMPILER_APPICON_NAME = AppIcon;
				ASSETCATALOG_COMPILER_GLOBAL_ACCENT_COLOR_NAME = AccentColor;
				CODE_SIGN_STYLE = Automatic;
				DEVELOPMENT_TEAM = X6LA4P7TFP;
				ENABLE_PREVIEWS = YES;
				GOOGLE_SERVICE_INFO_PLIST_NAME = "GoogleService-Info.plist";
				INFOPLIST_FILE = iOS/Info.plist;
				IPHONEOS_DEPLOYMENT_TARGET = 14.0;
				LD_RUNPATH_SEARCH_PATHS = (
					"$(inherited)",
					"@executable_path/Frameworks",
				);
				MARKETING_VERSION = 0.0.2;
				OTHER_LDFLAGS = "-ObjC";
				PRODUCT_BUNDLE_IDENTIFIER = "com.devyhan93.BaseProject-Redux";
				PRODUCT_NAME = "BaseProject-Redux";
				SDKROOT = iphoneos;
				SWIFT_VERSION = 5.0;
				TARGETED_DEVICE_FAMILY = "1,2";
				VALIDATE_PRODUCT = YES;
			};
			name = Release;
		};
		7ED39EEF2672F2D30041364C /* Debug */ = {
			isa = XCBuildConfiguration;
			buildSettings = {
				ASSETCATALOG_COMPILER_APPICON_NAME = AppIcon;
				ASSETCATALOG_COMPILER_GLOBAL_ACCENT_COLOR_NAME = AccentColor;
				CODE_SIGN_ENTITLEMENTS = macOS/macOS.entitlements;
				CODE_SIGN_STYLE = Automatic;
				COMBINE_HIDPI_IMAGES = YES;
				DEVELOPMENT_TEAM = X6LA4P7TFP;
				ENABLE_HARDENED_RUNTIME = YES;
				ENABLE_PREVIEWS = YES;
				INFOPLIST_FILE = macOS/Info.plist;
				LD_RUNPATH_SEARCH_PATHS = (
					"$(inherited)",
					"@executable_path/../Frameworks",
				);
				MACOSX_DEPLOYMENT_TARGET = 11.0;
				PRODUCT_BUNDLE_IDENTIFIER = "com.devyhan93.AppleMapCluster.BaseProject-Redux";
				PRODUCT_NAME = "BaseProject-Redux";
				SDKROOT = macosx;
				SWIFT_VERSION = 5.0;
			};
			name = Debug;
		};
		7ED39EF02672F2D30041364C /* Release */ = {
			isa = XCBuildConfiguration;
			buildSettings = {
				ASSETCATALOG_COMPILER_APPICON_NAME = AppIcon;
				ASSETCATALOG_COMPILER_GLOBAL_ACCENT_COLOR_NAME = AccentColor;
				CODE_SIGN_ENTITLEMENTS = macOS/macOS.entitlements;
				CODE_SIGN_STYLE = Automatic;
				COMBINE_HIDPI_IMAGES = YES;
				DEVELOPMENT_TEAM = X6LA4P7TFP;
				ENABLE_HARDENED_RUNTIME = YES;
				ENABLE_PREVIEWS = YES;
				INFOPLIST_FILE = macOS/Info.plist;
				LD_RUNPATH_SEARCH_PATHS = (
					"$(inherited)",
					"@executable_path/../Frameworks",
				);
				MACOSX_DEPLOYMENT_TARGET = 11.0;
				PRODUCT_BUNDLE_IDENTIFIER = "com.devyhan93.AppleMapCluster.BaseProject-Redux";
				PRODUCT_NAME = "BaseProject-Redux";
				SDKROOT = macosx;
				SWIFT_VERSION = 5.0;
			};
			name = Release;
		};
		7ED39EF22672F2D30041364C /* Debug */ = {
			isa = XCBuildConfiguration;
			buildSettings = {
				ALWAYS_EMBED_SWIFT_STANDARD_LIBRARIES = YES;
				CODE_SIGN_STYLE = Automatic;
				DEVELOPMENT_TEAM = X6LA4P7TFP;
				INFOPLIST_FILE = "Tests iOS/Info.plist";
				IPHONEOS_DEPLOYMENT_TARGET = 14.4;
				LD_RUNPATH_SEARCH_PATHS = (
					"$(inherited)",
					"@executable_path/Frameworks",
					"@loader_path/Frameworks",
				);
				PRODUCT_BUNDLE_IDENTIFIER = "com.devyhan93.AppleMapCluster.Tests-iOS";
				PRODUCT_NAME = "$(TARGET_NAME)";
				SDKROOT = iphoneos;
				SWIFT_VERSION = 5.0;
				TARGETED_DEVICE_FAMILY = "1,2";
				TEST_TARGET_NAME = "BaseProject-Redux (iOS)";
			};
			name = Debug;
		};
		7ED39EF32672F2D30041364C /* Release */ = {
			isa = XCBuildConfiguration;
			buildSettings = {
				ALWAYS_EMBED_SWIFT_STANDARD_LIBRARIES = YES;
				CODE_SIGN_STYLE = Automatic;
				DEVELOPMENT_TEAM = X6LA4P7TFP;
				INFOPLIST_FILE = "Tests iOS/Info.plist";
				IPHONEOS_DEPLOYMENT_TARGET = 14.4;
				LD_RUNPATH_SEARCH_PATHS = (
					"$(inherited)",
					"@executable_path/Frameworks",
					"@loader_path/Frameworks",
				);
				PRODUCT_BUNDLE_IDENTIFIER = "com.devyhan93.AppleMapCluster.Tests-iOS";
				PRODUCT_NAME = "$(TARGET_NAME)";
				SDKROOT = iphoneos;
				SWIFT_VERSION = 5.0;
				TARGETED_DEVICE_FAMILY = "1,2";
				TEST_TARGET_NAME = "BaseProject-Redux (iOS)";
				VALIDATE_PRODUCT = YES;
			};
			name = Release;
		};
		7ED39EF52672F2D30041364C /* Debug */ = {
			isa = XCBuildConfiguration;
			buildSettings = {
				ALWAYS_EMBED_SWIFT_STANDARD_LIBRARIES = YES;
				CODE_SIGN_STYLE = Automatic;
				COMBINE_HIDPI_IMAGES = YES;
				DEVELOPMENT_TEAM = X6LA4P7TFP;
				INFOPLIST_FILE = "Tests macOS/Info.plist";
				LD_RUNPATH_SEARCH_PATHS = (
					"$(inherited)",
					"@executable_path/../Frameworks",
					"@loader_path/../Frameworks",
				);
				MACOSX_DEPLOYMENT_TARGET = 11.1;
				PRODUCT_BUNDLE_IDENTIFIER = "com.devyhan93.AppleMapCluster.Tests-macOS";
				PRODUCT_NAME = "$(TARGET_NAME)";
				SDKROOT = macosx;
				SWIFT_VERSION = 5.0;
				TEST_TARGET_NAME = "BaseProject-Redux (macOS)";
			};
			name = Debug;
		};
		7ED39EF62672F2D30041364C /* Release */ = {
			isa = XCBuildConfiguration;
			buildSettings = {
				ALWAYS_EMBED_SWIFT_STANDARD_LIBRARIES = YES;
				CODE_SIGN_STYLE = Automatic;
				COMBINE_HIDPI_IMAGES = YES;
				DEVELOPMENT_TEAM = X6LA4P7TFP;
				INFOPLIST_FILE = "Tests macOS/Info.plist";
				LD_RUNPATH_SEARCH_PATHS = (
					"$(inherited)",
					"@executable_path/../Frameworks",
					"@loader_path/../Frameworks",
				);
				MACOSX_DEPLOYMENT_TARGET = 11.1;
				PRODUCT_BUNDLE_IDENTIFIER = "com.devyhan93.AppleMapCluster.Tests-macOS";
				PRODUCT_NAME = "$(TARGET_NAME)";
				SDKROOT = macosx;
				SWIFT_VERSION = 5.0;
				TEST_TARGET_NAME = "BaseProject-Redux (macOS)";
			};
			name = Release;
		};
/* End XCBuildConfiguration section */

/* Begin XCConfigurationList section */
		7ED39EB82672F2D20041364C /* Build configuration list for PBXProject "BaseProject-Redux" */ = {
			isa = XCConfigurationList;
			buildConfigurations = (
				7ED39EE92672F2D30041364C /* Debug */,
				7ED39EEA2672F2D30041364C /* Release */,
			);
			defaultConfigurationIsVisible = 0;
			defaultConfigurationName = Release;
		};
		7ED39EEB2672F2D30041364C /* Build configuration list for PBXNativeTarget "BaseProject-Redux (iOS)" */ = {
			isa = XCConfigurationList;
			buildConfigurations = (
				7ED39EEC2672F2D30041364C /* Debug */,
				7ED39EED2672F2D30041364C /* Release */,
			);
			defaultConfigurationIsVisible = 0;
			defaultConfigurationName = Release;
		};
		7ED39EEE2672F2D30041364C /* Build configuration list for PBXNativeTarget "BaseProject-Redux (macOS)" */ = {
			isa = XCConfigurationList;
			buildConfigurations = (
				7ED39EEF2672F2D30041364C /* Debug */,
				7ED39EF02672F2D30041364C /* Release */,
			);
			defaultConfigurationIsVisible = 0;
			defaultConfigurationName = Release;
		};
		7ED39EF12672F2D30041364C /* Build configuration list for PBXNativeTarget "Tests iOS" */ = {
			isa = XCConfigurationList;
			buildConfigurations = (
				7ED39EF22672F2D30041364C /* Debug */,
				7ED39EF32672F2D30041364C /* Release */,
			);
			defaultConfigurationIsVisible = 0;
			defaultConfigurationName = Release;
		};
		7ED39EF42672F2D30041364C /* Build configuration list for PBXNativeTarget "Tests macOS" */ = {
			isa = XCConfigurationList;
			buildConfigurations = (
				7ED39EF52672F2D30041364C /* Debug */,
				7ED39EF62672F2D30041364C /* Release */,
			);
			defaultConfigurationIsVisible = 0;
			defaultConfigurationName = Release;
		};
/* End XCConfigurationList section */

/* Begin XCRemoteSwiftPackageReference section */
		7E6D4E4F2679D9E800741B5C /* XCRemoteSwiftPackageReference "firebase-ios-sdk" */ = {
			isa = XCRemoteSwiftPackageReference;
			repositoryURL = "https://github.com/firebase/firebase-ios-sdk.git";
			requirement = {
				kind = upToNextMajorVersion;
				minimumVersion = 8.1.1;
			};
		};
		7EB8A96A268354BC00C4F4FD /* XCRemoteSwiftPackageReference "SwiftSoup" */ = {
			isa = XCRemoteSwiftPackageReference;
			repositoryURL = "https://github.com/scinfu/SwiftSoup.git";
			requirement = {
				kind = upToNextMajorVersion;
				minimumVersion = 2.3.2;
			};
		};
/* End XCRemoteSwiftPackageReference section */

/* Begin XCSwiftPackageProductDependency section */
		7E6D4E502679D9E800741B5C /* FirebaseAnalytics */ = {
			isa = XCSwiftPackageProductDependency;
			package = 7E6D4E4F2679D9E800741B5C /* XCRemoteSwiftPackageReference "firebase-ios-sdk" */;
			productName = FirebaseAnalytics;
		};
		7E6D4E522679D9E800741B5C /* FirebaseRemoteConfig */ = {
			isa = XCSwiftPackageProductDependency;
			package = 7E6D4E4F2679D9E800741B5C /* XCRemoteSwiftPackageReference "firebase-ios-sdk" */;
			productName = FirebaseRemoteConfig;
		};
		7E6D4E542679D9E800741B5C /* FirebaseCrashlytics */ = {
			isa = XCSwiftPackageProductDependency;
			package = 7E6D4E4F2679D9E800741B5C /* XCRemoteSwiftPackageReference "firebase-ios-sdk" */;
			productName = FirebaseCrashlytics;
		};
		7E6D4E562679D9E800741B5C /* FirebaseMessaging */ = {
			isa = XCSwiftPackageProductDependency;
			package = 7E6D4E4F2679D9E800741B5C /* XCRemoteSwiftPackageReference "firebase-ios-sdk" */;
			productName = FirebaseMessaging;
		};
/* End XCSwiftPackageProductDependency section */
	};
	rootObject = 7ED39EB52672F2D20041364C /* Project object */;
}
